
Microsoft Visual Studio Solution File, Format Version 12.00
# Visual Studio 15
VisualStudioVersion = 15.0.26730.16
MinimumVisualStudioVersion = 10.0.40219.1
Project("{FAE04EC0-301F-11D3-BF4B-00C04F79EFBC}") = "LINQ", "LINQ\LINQ.csproj", "{F972B6C2-7F3E-459D-ACF9-B232CBE2144B}"
EndProject
Global
	GlobalSection(SolutionConfigurationPlatforms) = preSolution
		Debug|Any CPU = Debug|Any CPU
		Release|Any CPU = Release|Any CPU
	EndGlobalSection
	GlobalSection(ProjectConfigurationPlatforms) = postSolution
		{F972B6C2-7F3E-459D-ACF9-B232CBE2144B}.Debug|Any CPU.ActiveCfg = Debug|Any CPU
		{F972B6C2-7F3E-459D-ACF9-B232CBE2144B}.Debug|Any CPU.Build.0 = Debug|Any CPU
		{F972B6C2-7F3E-459D-ACF9-B232CBE2144B}.Release|Any CPU.ActiveCfg = Release|Any CPU
		{F972B6C2-7F3E-459D-ACF9-B232CBE2144B}.Release|Any CPU.Build.0 = Release|Any CPU
	EndGlobalSection
	GlobalSection(SolutionProperties) = preSolution
		HideSolutionNode = FALSE
	EndGlobalSection
	GlobalSection(ExtensibilityGlobals) = postSolution
		SolutionGuid = {295DF56D-8EC9-4E0B-ADD6-5B8CB0268971}
	EndGlobalSection
EndGlobal
